
Microsoft Visual Studio Solution File, Format Version 12.00
# Visual Studio Version 17
VisualStudioVersion = 17.13.35931.197
MinimumVisualStudioVersion = 10.0.40219.1
Project("{FAE04EC0-301F-11D3-BF4B-00C04F79EFBC}") = "MindfulDigger", "MindfulDigger\MindfulDigger.csproj", "{4A8A5EA1-540A-45D2-AF23-D3915EEEFC2C}"
EndProject
Project("{FAE04EC0-301F-11D3-BF4B-00C04F79EFBC}") = "MindfulDigger.Tests", "MindfulDigger.Tests\MindfulDigger.Tests.csproj", "{E0E3E637-2316-4874-8986-8D62BE90F4F3}"
EndProject
Global
	GlobalSection(SolutionConfigurationPlatforms) = preSolution
		Debug|Any CPU = Debug|Any CPU
		Debug|x64 = Debug|x64
		Debug|x86 = Debug|x86
		Release|Any CPU = Release|Any CPU
		Release|x64 = Release|x64
		Release|x86 = Release|x86
	EndGlobalSection
	GlobalSection(ProjectConfigurationPlatforms) = postSolution
		{4A8A5EA1-540A-45D2-AF23-D3915EEEFC2C}.Debug|Any CPU.ActiveCfg = Debug|Any CPU
		{4A8A5EA1-540A-45D2-AF23-D3915EEEFC2C}.Debug|Any CPU.Build.0 = Debug|Any CPU
		{4A8A5EA1-540A-45D2-AF23-D3915EEEFC2C}.Debug|x64.ActiveCfg = Debug|Any CPU
		{4A8A5EA1-540A-45D2-AF23-D3915EEEFC2C}.Debug|x64.Build.0 = Debug|Any CPU
		{4A8A5EA1-540A-45D2-AF23-D3915EEEFC2C}.Debug|x86.ActiveCfg = Debug|Any CPU
		{4A8A5EA1-540A-45D2-AF23-D3915EEEFC2C}.Debug|x86.Build.0 = Debug|Any CPU
		{4A8A5EA1-540A-45D2-AF23-D3915EEEFC2C}.Release|Any CPU.ActiveCfg = Release|Any CPU
		{4A8A5EA1-540A-45D2-AF23-D3915EEEFC2C}.Release|Any CPU.Build.0 = Release|Any CPU
		{4A8A5EA1-540A-45D2-AF23-D3915EEEFC2C}.Release|x64.ActiveCfg = Release|Any CPU
		{4A8A5EA1-540A-45D2-AF23-D3915EEEFC2C}.Release|x64.Build.0 = Release|Any CPU
		{4A8A5EA1-540A-45D2-AF23-D3915EEEFC2C}.Release|x86.ActiveCfg = Release|Any CPU
		{4A8A5EA1-540A-45D2-AF23-D3915EEEFC2C}.Release|x86.Build.0 = Release|Any CPU
		{E0E3E637-2316-4874-8986-8D62BE90F4F3}.Debug|Any CPU.ActiveCfg = Debug|Any CPU
		{E0E3E637-2316-4874-8986-8D62BE90F4F3}.Debug|Any CPU.Build.0 = Debug|Any CPU
		{E0E3E637-2316-4874-8986-8D62BE90F4F3}.Debug|x64.ActiveCfg = Debug|Any CPU
		{E0E3E637-2316-4874-8986-8D62BE90F4F3}.Debug|x64.Build.0 = Debug|Any CPU
		{E0E3E637-2316-4874-8986-8D62BE90F4F3}.Debug|x86.ActiveCfg = Debug|Any CPU
		{E0E3E637-2316-4874-8986-8D62BE90F4F3}.Debug|x86.Build.0 = Debug|Any CPU
		{E0E3E637-2316-4874-8986-8D62BE90F4F3}.Release|Any CPU.ActiveCfg = Release|Any CPU
		{E0E3E637-2316-4874-8986-8D62BE90F4F3}.Release|Any CPU.Build.0 = Release|Any CPU
		{E0E3E637-2316-4874-8986-8D62BE90F4F3}.Release|x64.ActiveCfg = Release|Any CPU
		{E0E3E637-2316-4874-8986-8D62BE90F4F3}.Release|x64.Build.0 = Release|Any CPU
		{E0E3E637-2316-4874-8986-8D62BE90F4F3}.Release|x86.ActiveCfg = Release|Any CPU
		{E0E3E637-2316-4874-8986-8D62BE90F4F3}.Release|x86.Build.0 = Release|Any CPU
	EndGlobalSection
	GlobalSection(SolutionProperties) = preSolution
		HideSolutionNode = FALSE
	EndGlobalSection
	GlobalSection(ExtensibilityGlobals) = postSolution
		SolutionGuid = {075CD780-E90C-4030-ABD2-FC8315E923EE}
	EndGlobalSection
EndGlobal
